
Microsoft Visual Studio Solution File, Format Version 12.00
# Visual Studio 14
VisualStudioVersion = 14.0.25420.1
MinimumVisualStudioVersion = 10.0.40219.1
Project("{FAE04EC0-301F-11D3-BF4B-00C04F79EFBC}") = "ResearchFair", "ResearchFair\ResearchFair.csproj", "{12D09260-8AE2-477B-9F88-CD552B44903E}"
EndProject
Project("{FAE04EC0-301F-11D3-BF4B-00C04F79EFBC}") = "People", "People\People.csproj", "{6F405741-20DE-4E75-B5A6-313FD27B1705}"
EndProject
Global
	GlobalSection(SolutionConfigurationPlatforms) = preSolution
		Debug|Any CPU = Debug|Any CPU
		Release|Any CPU = Release|Any CPU
	EndGlobalSection
	GlobalSection(ProjectConfigurationPlatforms) = postSolution
		{12D09260-8AE2-477B-9F88-CD552B44903E}.Debug|Any CPU.ActiveCfg = Debug|Any CPU
		{12D09260-8AE2-477B-9F88-CD552B44903E}.Debug|Any CPU.Build.0 = Debug|Any CPU
		{12D09260-8AE2-477B-9F88-CD552B44903E}.Release|Any CPU.ActiveCfg = Release|Any CPU
		{12D09260-8AE2-477B-9F88-CD552B44903E}.Release|Any CPU.Build.0 = Release|Any CPU
		{6F405741-20DE-4E75-B5A6-313FD27B1705}.Debug|Any CPU.ActiveCfg = Debug|Any CPU
		{6F405741-20DE-4E75-B5A6-313FD27B1705}.Debug|Any CPU.Build.0 = Debug|Any CPU
		{6F405741-20DE-4E75-B5A6-313FD27B1705}.Release|Any CPU.ActiveCfg = Release|Any CPU
		{6F405741-20DE-4E75-B5A6-313FD27B1705}.Release|Any CPU.Build.0 = Release|Any CPU
	EndGlobalSection
	GlobalSection(SolutionProperties) = preSolution
		HideSolutionNode = FALSE
	EndGlobalSection
EndGlobal
